
Microsoft Visual Studio Solution File, Format Version 12.00
# Visual Studio Version 16
VisualStudioVersion = 16.0.31729.503
MinimumVisualStudioVersion = 10.0.40219.1
Project("{FAE04EC0-301F-11D3-BF4B-00C04F79EFBC}") = "LoginProject", "LoginProject\LoginProject.csproj", "{EBE70279-8DC6-4AA8-B626-745B5C87A122}"
EndProject
Global
	GlobalSection(SolutionConfigurationPlatforms) = preSolution
		Debug|Any CPU = Debug|Any CPU
		Release|Any CPU = Release|Any CPU
	EndGlobalSection
	GlobalSection(ProjectConfigurationPlatforms) = postSolution
		{EBE70279-8DC6-4AA8-B626-745B5C87A122}.Debug|Any CPU.ActiveCfg = Debug|Any CPU
		{EBE70279-8DC6-4AA8-B626-745B5C87A122}.Debug|Any CPU.Build.0 = Debug|Any CPU
		{EBE70279-8DC6-4AA8-B626-745B5C87A122}.Release|Any CPU.ActiveCfg = Release|Any CPU
		{EBE70279-8DC6-4AA8-B626-745B5C87A122}.Release|Any CPU.Build.0 = Release|Any CPU
	EndGlobalSection
	GlobalSection(SolutionProperties) = preSolution
		HideSolutionNode = FALSE
	EndGlobalSection
	GlobalSection(ExtensibilityGlobals) = postSolution
		SolutionGuid = {3DD32981-755E-4BBF-86C2-9D1E0F87854E}
	EndGlobalSection
EndGlobal
